{
  "originHash" : "78b28ed5d5f8aa99d060f7c4675f745871f344b1cc2a736c81a64b8e3cc7454c",
  "pins" : [
    {
      "identity" : "sharedui",
      "kind" : "remoteSourceControl",
      "location" : "https://github.com/chrislemarquand/SharedUI.git",
      "state" : {
        "revision" : "f261d5ee7aa6bdd49f301d313b38d20183cbc560",
        "version" : "1.0.0"
      }
    }
  ],
  "version" : 3
}
